
Microsoft Visual Studio Solution File, Format Version 12.00
# Visual Studio Version 17
VisualStudioVersion = 17.7.34003.232
MinimumVisualStudioVersion = 10.0.40219.1
Project("{FAE04EC0-301F-11D3-BF4B-00C04F79EFBC}") = "Abdal Web Visitor", "Abdal Web Visitor.csproj", "{E2996FB7-3A88-4F15-AFB2-8BBED5CE34C1}"
EndProject
Global
	GlobalSection(SolutionConfigurationPlatforms) = preSolution
		Debug|Any CPU = Debug|Any CPU
		Release|Any CPU = Release|Any CPU
	EndGlobalSection
	GlobalSection(ProjectConfigurationPlatforms) = postSolution
		{E2996FB7-3A88-4F15-AFB2-8BBED5CE34C1}.Debug|Any CPU.ActiveCfg = Debug|Any CPU
		{E2996FB7-3A88-4F15-AFB2-8BBED5CE34C1}.Debug|Any CPU.Build.0 = Debug|Any CPU
		{E2996FB7-3A88-4F15-AFB2-8BBED5CE34C1}.Release|Any CPU.ActiveCfg = Release|Any CPU
		{E2996FB7-3A88-4F15-AFB2-8BBED5CE34C1}.Release|Any CPU.Build.0 = Release|Any CPU
	EndGlobalSection
	GlobalSection(SolutionProperties) = preSolution
		HideSolutionNode = FALSE
	EndGlobalSection
	GlobalSection(ExtensibilityGlobals) = postSolution
		SolutionGuid = {1CCD89A4-07E8-45BE-B0B8-5D35CAC8FEA0}
	EndGlobalSection
EndGlobal
